// !$*UTF8*$!
{
	archiveVersion = 1;
	classes = {
	};
	objectVersion = 63;
	objects = {

/* Begin PBXBuildFile section */
		2CBD62A65D1DF3DA0CE305A8 /* Assets.xcassets in Resources */ = {isa = PBXBuildFile; fileRef = 8FC1994AD231DDF4EDAEFF15 /* Assets.xcassets */; };
		5FB5CAD802B311FFB67B9A67 /* GameEngine.swift in Sources */ = {isa = PBXBuildFile; fileRef = 9A30A814A054D2BDE6E22878 /* GameEngine.swift */; };
		779D68E5F49C06AF5787D1B7 /* GameEngineTests.swift in Sources */ = {isa = PBXBuildFile; fileRef = CB28D80CDA1518161ACD89D1 /* GameEngineTests.swift */; };
		94DD64FC69B7E318E67EF956 /* ContentView.swift in Sources */ = {isa = PBXBuildFile; fileRef = 96F33C8C5ACC0B1F44364963 /* ContentView.swift */; };
		F4DEFA130B77A6A10E13FAB1 /* BrickApp.swift in Sources */ = {isa = PBXBuildFile; fileRef = 02BF1B84BAC3F27089CFC2A0 /* BrickApp.swift */; };
/* End PBXBuildFile section */

/* Begin PBXContainerItemProxy section */
		C883AE6182C5A5C5387A1602 /* PBXContainerItemProxy */ = {
			isa = PBXContainerItemProxy;
			containerPortal = 8541A11882C2C52C4BBF99CC /* Project object */;
			proxyType = 1;
			remoteGlobalIDString = 3C7F23EB15690F148AD66920;
			remoteInfo = Brick;
		};
/* End PBXContainerItemProxy section */

/* Begin PBXFileReference section */
		02BF1B84BAC3F27089CFC2A0 /* BrickApp.swift */ = {isa = PBXFileReference; lastKnownFileType = sourcecode.swift; path = BrickApp.swift; sourceTree = "<group>"; };
		8FC1994AD231DDF4EDAEFF15 /* Assets.xcassets */ = {isa = PBXFileReference; lastKnownFileType = folder.assetcatalog; path = Assets.xcassets; sourceTree = "<group>"; };
		96F33C8C5ACC0B1F44364963 /* ContentView.swift */ = {isa = PBXFileReference; lastKnownFileType = sourcecode.swift; path = ContentView.swift; sourceTree = "<group>"; };
		9A30A814A054D2BDE6E22878 /* GameEngine.swift */ = {isa = PBXFileReference; lastKnownFileType = sourcecode.swift; path = GameEngine.swift; sourceTree = "<group>"; };
		B41B092FA54E265C0FCC0BF1 /* Brick.app */ = {isa = PBXFileReference; explicitFileType = wrapper.application; includeInIndex = 0; path = Brick.app; sourceTree = BUILT_PRODUCTS_DIR; };
		B79C791D84678FEB18D0B48A /* BrickTests.xctest */ = {isa = PBXFileReference; includeInIndex = 0; lastKnownFileType = wrapper.cfbundle; path = BrickTests.xctest; sourceTree = BUILT_PRODUCTS_DIR; };
		CB28D80CDA1518161ACD89D1 /* GameEngineTests.swift */ = {isa = PBXFileReference; lastKnownFileType = sourcecode.swift; path = GameEngineTests.swift; sourceTree = "<group>"; };
/* End PBXFileReference section */

/* Begin PBXGroup section */
		2324578DF2E090B8BE18DA40 /* Products */ = {
			isa = PBXGroup;
			children = (
				B41B092FA54E265C0FCC0BF1 /* Brick.app */,
				B79C791D84678FEB18D0B48A /* BrickTests.xctest */,
			);
			name = Products;
			sourceTree = "<group>";
		};
		3559CD13159D5A85B5F7AFCF = {
			isa = PBXGroup;
			children = (
				96243320245C2ACB581A18C0 /* Brick */,
				CA5D003A15CC26A15032C6C6 /* BrickTests */,
				2324578DF2E090B8BE18DA40 /* Products */,
			);
			sourceTree = "<group>";
		};
		3C42BD2BBAA1B5FCB0C8D0BA /* Game */ = {
			isa = PBXGroup;
			children = (
				9A30A814A054D2BDE6E22878 /* GameEngine.swift */,
			);
			path = Game;
			sourceTree = "<group>";
		};
		96243320245C2ACB581A18C0 /* Brick */ = {
			isa = PBXGroup;
			children = (
				8FC1994AD231DDF4EDAEFF15 /* Assets.xcassets */,
				02BF1B84BAC3F27089CFC2A0 /* BrickApp.swift */,
				96F33C8C5ACC0B1F44364963 /* ContentView.swift */,
				3C42BD2BBAA1B5FCB0C8D0BA /* Game */,
			);
			path = Brick;
			sourceTree = "<group>";
		};
		CA5D003A15CC26A15032C6C6 /* BrickTests */ = {
			isa = PBXGroup;
			children = (
				CB28D80CDA1518161ACD89D1 /* GameEngineTests.swift */,
			);
			path = BrickTests;
			sourceTree = "<group>";
		};
/* End PBXGroup section */

/* Begin PBXNativeTarget section */
		3C7F23EB15690F148AD66920 /* Brick */ = {
			isa = PBXNativeTarget;
			buildConfigurationList = 85A2B6AC7FC6BEC78FBF60DC /* Build configuration list for PBXNativeTarget "Brick" */;
			buildPhases = (
				F3970206CBE964FC86DDDAC6 /* Sources */,
				87800B270ED5B1B606E94D48 /* Resources */,
			);
			buildRules = (
			);
			dependencies = (
			);
			name = Brick;
			packageProductDependencies = (
			);
			productName = Brick;
			productReference = B41B092FA54E265C0FCC0BF1 /* Brick.app */;
			productType = "com.apple.product-type.application";
		};
		EC5D515F0F2BBF5F9F2E2F86 /* BrickTests */ = {
			isa = PBXNativeTarget;
			buildConfigurationList = 811CA76991187F619B5C9450 /* Build configuration list for PBXNativeTarget "BrickTests" */;
			buildPhases = (
				0041983F2B6F67849A3907E0 /* Sources */,
			);
			buildRules = (
			);
			dependencies = (
				483A8EA71185B9464F74D31A /* PBXTargetDependency */,
			);
			name = BrickTests;
			packageProductDependencies = (
			);
			productName = BrickTests;
			productReference = B79C791D84678FEB18D0B48A /* BrickTests.xctest */;
			productType = "com.apple.product-type.bundle.unit-test";
		};
/* End PBXNativeTarget section */

/* Begin PBXProject section */
		8541A11882C2C52C4BBF99CC /* Project object */ = {
			isa = PBXProject;
			attributes = {
				BuildIndependentTargetsInParallel = YES;
				LastUpgradeCheck = 1430;
			};
			buildConfigurationList = 7DADC8C148AC0847C8086068 /* Build configuration list for PBXProject "Brick" */;
			compatibilityVersion = "Xcode 14.0";
			developmentRegion = en;
			hasScannedForEncodings = 0;
			knownRegions = (
				Base,
				en,
			);
			mainGroup = 3559CD13159D5A85B5F7AFCF;
			minimizedProjectReferenceProxies = 1;
			projectDirPath = "";
			projectRoot = "";
			targets = (
				3C7F23EB15690F148AD66920 /* Brick */,
				EC5D515F0F2BBF5F9F2E2F86 /* BrickTests */,
			);
		};
/* End PBXProject section */

/* Begin PBXResourcesBuildPhase section */
		87800B270ED5B1B606E94D48 /* Resources */ = {
			isa = PBXResourcesBuildPhase;
			buildActionMask = 2147483647;
			files = (
				2CBD62A65D1DF3DA0CE305A8 /* Assets.xcassets in Resources */,
			);
			runOnlyForDeploymentPostprocessing = 0;
		};
/* End PBXResourcesBuildPhase section */

/* Begin PBXSourcesBuildPhase section */
		0041983F2B6F67849A3907E0 /* Sources */ = {
			isa = PBXSourcesBuildPhase;
			buildActionMask = 2147483647;
			files = (
				779D68E5F49C06AF5787D1B7 /* GameEngineTests.swift in Sources */,
			);
			runOnlyForDeploymentPostprocessing = 0;
		};
		F3970206CBE964FC86DDDAC6 /* Sources */ = {
			isa = PBXSourcesBuildPhase;
			buildActionMask = 2147483647;
			files = (
				F4DEFA130B77A6A10E13FAB1 /* BrickApp.swift in Sources */,
				94DD64FC69B7E318E67EF956 /* ContentView.swift in Sources */,
				5FB5CAD802B311FFB67B9A67 /* GameEngine.swift in Sources */,
			);
			runOnlyForDeploymentPostprocessing = 0;
		};
/* End PBXSourcesBuildPhase section */

/* Begin PBXTargetDependency section */
		483A8EA71185B9464F74D31A /* PBXTargetDependency */ = {
			isa = PBXTargetDependency;
			target = 3C7F23EB15690F148AD66920 /* Brick */;
			targetProxy = C883AE6182C5A5C5387A1602 /* PBXContainerItemProxy */;
		};
/* End PBXTargetDependency section */

/* Begin XCBuildConfiguration section */
		47A3A323D20D34DB6D372DB5 /* Debug */ = {
			isa = XCBuildConfiguration;
			buildSettings = {
				ALWAYS_SEARCH_USER_PATHS = NO;
				CLANG_ANALYZER_NONNULL = YES;
				CLANG_ANALYZER_NUMBER_OBJECT_CONVERSION = YES_AGGRESSIVE;
				CLANG_CXX_LANGUAGE_STANDARD = "gnu++14";
				CLANG_CXX_LIBRARY = "libc++";
				CLANG_ENABLE_MODULES = YES;
				CLANG_ENABLE_OBJC_ARC = YES;
				CLANG_ENABLE_OBJC_WEAK = YES;
				CLANG_WARN_BLOCK_CAPTURE_AUTORELEASING = YES;
				CLANG_WARN_BOOL_CONVERSION = YES;
				CLANG_WARN_COMMA = YES;
				CLANG_WARN_CONSTANT_CONVERSION = YES;
				CLANG_WARN_DEPRECATED_OBJC_IMPLEMENTATIONS = YES;
				CLANG_WARN_DIRECT_OBJC_ISA_USAGE = YES_ERROR;
				CLANG_WARN_DOCUMENTATION_COMMENTS = YES;
				CLANG_WARN_EMPTY_BODY = YES;
				CLANG_WARN_ENUM_CONVERSION = YES;
				CLANG_WARN_INFINITE_RECURSION = YES;
				CLANG_WARN_INT_CONVERSION = YES;
				CLANG_WARN_NON_LITERAL_NULL_CONVERSION = YES;
				CLANG_WARN_OBJC_IMPLICIT_RETAIN_SELF = YES;
				CLANG_WARN_OBJC_LITERAL_CONVERSION = YES;
				CLANG_WARN_OBJC_ROOT_CLASS = YES_ERROR;
				CLANG_WARN_QUOTED_INCLUDE_IN_FRAMEWORK_HEADER = YES;
				CLANG_WARN_RANGE_LOOP_ANALYSIS = YES;
				CLANG_WARN_STRICT_PROTOTYPES = YES;
				CLANG_WARN_SUSPICIOUS_MOVE = YES;
				CLANG_WARN_UNGUARDED_AVAILABILITY = YES_AGGRESSIVE;
				CLANG_WARN_UNREACHABLE_CODE = YES;
				CLANG_WARN__DUPLICATE_METHOD_MATCH = YES;
				COPY_PHASE_STRIP = NO;
				DEBUG_INFORMATION_FORMAT = dwarf;
				ENABLE_STRICT_OBJC_MSGSEND = YES;
				ENABLE_TESTABILITY = YES;
				GCC_C_LANGUAGE_STANDARD = gnu11;
				GCC_DYNAMIC_NO_PIC = NO;
				GCC_NO_COMMON_BLOCKS = YES;
				GCC_OPTIMIZATION_LEVEL = 0;
				GCC_PREPROCESSOR_DEFINITIONS = (
					"$(inherited)",
					"DEBUG=1",
				);
				GCC_WARN_64_TO_32_BIT_CONVERSION = YES;
				GCC_WARN_ABOUT_RETURN_TYPE = YES_ERROR;
				GCC_WARN_UNDECLARED_SELECTOR = YES;
				GCC_WARN_UNINITIALIZED_AUTOS = YES_AGGRESSIVE;
				GCC_WARN_UNUSED_FUNCTION = YES;
				GCC_WARN_UNUSED_VARIABLE = YES;
				IPHONEOS_DEPLOYMENT_TARGET = 17.0;
				MTL_ENABLE_DEBUG_INFO = INCLUDE_SOURCE;
				MTL_FAST_MATH = YES;
				ONLY_ACTIVE_ARCH = YES;
				PRODUCT_NAME = "$(TARGET_NAME)";
				SDKROOT = iphoneos;
				SWIFT_ACTIVE_COMPILATION_CONDITIONS = DEBUG;
				SWIFT_OPTIMIZATION_LEVEL = "-Onone";
				SWIFT_VERSION = 5.0;
			};
			name = Debug;
		};
		58CFEB3D7A986D93EA314D76 /* Debug */ = {
			isa = XCBuildConfiguration;
			buildSettings = {
				ASSETCATALOG_COMPILER_APPICON_NAME = AppIcon;
				CODE_SIGN_IDENTITY = "iPhone Developer";
				DEVELOPMENT_TEAM = WA3TQRYALZ;
				GENERATE_INFOPLIST_FILE = YES;
				INFOPLIST_KEY_UILaunchScreen_Generation = YES;
				LD_RUNPATH_SEARCH_PATHS = (
					"$(inherited)",
					"@executable_path/Frameworks",
				);
				PRODUCT_BUNDLE_IDENTIFIER = com.kenlemon.Brick;
				SDKROOT = iphoneos;
				TARGETED_DEVICE_FAMILY = 1;
			};
			name = Debug;
		};
		7BC05321DBEF58A0358E4B4F /* Release */ = {
			isa = XCBuildConfiguration;
			buildSettings = {
				ALWAYS_SEARCH_USER_PATHS = NO;
				CLANG_ANALYZER_NONNULL = YES;
				CLANG_ANALYZER_NUMBER_OBJECT_CONVERSION = YES_AGGRESSIVE;
				CLANG_CXX_LANGUAGE_STANDARD = "gnu++14";
				CLANG_CXX_LIBRARY = "libc++";
				CLANG_ENABLE_MODULES = YES;
				CLANG_ENABLE_OBJC_ARC = YES;
				CLANG_ENABLE_OBJC_WEAK = YES;
				CLANG_WARN_BLOCK_CAPTURE_AUTORELEASING = YES;
				CLANG_WARN_BOOL_CONVERSION = YES;
				CLANG_WARN_COMMA = YES;
				CLANG_WARN_CONSTANT_CONVERSION = YES;
				CLANG_WARN_DEPRECATED_OBJC_IMPLEMENTATIONS = YES;
				CLANG_WARN_DIRECT_OBJC_ISA_USAGE = YES_ERROR;
				CLANG_WARN_DOCUMENTATION_COMMENTS = YES;
				CLANG_WARN_EMPTY_BODY = YES;
				CLANG_WARN_ENUM_CONVERSION = YES;
				CLANG_WARN_INFINITE_RECURSION = YES;
				CLANG_WARN_INT_CONVERSION = YES;
				CLANG_WARN_NON_LITERAL_NULL_CONVERSION = YES;
				CLANG_WARN_OBJC_IMPLICIT_RETAIN_SELF = YES;
				CLANG_WARN_OBJC_LITERAL_CONVERSION = YES;
				CLANG_WARN_OBJC_ROOT_CLASS = YES_ERROR;
				CLANG_WARN_QUOTED_INCLUDE_IN_FRAMEWORK_HEADER = YES;
				CLANG_WARN_RANGE_LOOP_ANALYSIS = YES;
				CLANG_WARN_STRICT_PROTOTYPES = YES;
				CLANG_WARN_SUSPICIOUS_MOVE = YES;
				CLANG_WARN_UNGUARDED_AVAILABILITY = YES_AGGRESSIVE;
				CLANG_WARN_UNREACHABLE_CODE = YES;
				CLANG_WARN__DUPLICATE_METHOD_MATCH = YES;
				COPY_PHASE_STRIP = NO;
				DEBUG_INFORMATION_FORMAT = "dwarf-with-dsym";
				ENABLE_NS_ASSERTIONS = NO;
				ENABLE_STRICT_OBJC_MSGSEND = YES;
				GCC_C_LANGUAGE_STANDARD = gnu11;
				GCC_NO_COMMON_BLOCKS = YES;
				GCC_WARN_64_TO_32_BIT_CONVERSION = YES;
				GCC_WARN_ABOUT_RETURN_TYPE = YES_ERROR;
				GCC_WARN_UNDECLARED_SELECTOR = YES;
				GCC_WARN_UNINITIALIZED_AUTOS = YES_AGGRESSIVE;
				GCC_WARN_UNUSED_FUNCTION = YES;
				GCC_WARN_UNUSED_VARIABLE = YES;
				IPHONEOS_DEPLOYMENT_TARGET = 17.0;
				MTL_ENABLE_DEBUG_INFO = NO;
				MTL_FAST_MATH = YES;
				PRODUCT_NAME = "$(TARGET_NAME)";
				SDKROOT = iphoneos;
				SWIFT_COMPILATION_MODE = wholemodule;
				SWIFT_OPTIMIZATION_LEVEL = "-O";
				SWIFT_VERSION = 5.0;
			};
			name = Release;
		};
		83C0B094866A6A556BC73A43 /* Release */ = {
			isa = XCBuildConfiguration;
			buildSettings = {
				ASSETCATALOG_COMPILER_APPICON_NAME = AppIcon;
				CODE_SIGN_IDENTITY = "iPhone Developer";
				DEVELOPMENT_TEAM = WA3TQRYALZ;
				GENERATE_INFOPLIST_FILE = YES;
				INFOPLIST_KEY_UILaunchScreen_Generation = YES;
				LD_RUNPATH_SEARCH_PATHS = (
					"$(inherited)",
					"@executable_path/Frameworks",
				);
				PRODUCT_BUNDLE_IDENTIFIER = com.kenlemon.Brick;
				SDKROOT = iphoneos;
				TARGETED_DEVICE_FAMILY = 1;
			};
			name = Release;
		};
		9D5880C197A62FAB9E4A7161 /* Debug */ = {
			isa = XCBuildConfiguration;
			buildSettings = {
				BUNDLE_LOADER = "$(TEST_HOST)";
				LD_RUNPATH_SEARCH_PATHS = (
					"$(inherited)",
					"@executable_path/Frameworks",
					"@loader_path/Frameworks",
				);
				SDKROOT = iphoneos;
				TARGETED_DEVICE_FAMILY = "1,2";
				TEST_HOST = "$(BUILT_PRODUCTS_DIR)/Brick.app/Brick";
			};
			name = Debug;
		};
		F09856270AB06A00524DB369 /* Release */ = {
			isa = XCBuildConfiguration;
			buildSettings = {
				BUNDLE_LOADER = "$(TEST_HOST)";
				LD_RUNPATH_SEARCH_PATHS = (
					"$(inherited)",
					"@executable_path/Frameworks",
					"@loader_path/Frameworks",
				);
				SDKROOT = iphoneos;
				TARGETED_DEVICE_FAMILY = "1,2";
				TEST_HOST = "$(BUILT_PRODUCTS_DIR)/Brick.app/Brick";
			};
			name = Release;
		};
/* End XCBuildConfiguration section */

/* Begin XCConfigurationList section */
		7DADC8C148AC0847C8086068 /* Build configuration list for PBXProject "Brick" */ = {
			isa = XCConfigurationList;
			buildConfigurations = (
				47A3A323D20D34DB6D372DB5 /* Debug */,
				7BC05321DBEF58A0358E4B4F /* Release */,
			);
			defaultConfigurationIsVisible = 0;
			defaultConfigurationName = Debug;
		};
		811CA76991187F619B5C9450 /* Build configuration list for PBXNativeTarget "BrickTests" */ = {
			isa = XCConfigurationList;
			buildConfigurations = (
				9D5880C197A62FAB9E4A7161 /* Debug */,
				F09856270AB06A00524DB369 /* Release */,
			);
			defaultConfigurationIsVisible = 0;
			defaultConfigurationName = Debug;
		};
		85A2B6AC7FC6BEC78FBF60DC /* Build configuration list for PBXNativeTarget "Brick" */ = {
			isa = XCConfigurationList;
			buildConfigurations = (
				58CFEB3D7A986D93EA314D76 /* Debug */,
				83C0B094866A6A556BC73A43 /* Release */,
			);
			defaultConfigurationIsVisible = 0;
			defaultConfigurationName = Debug;
		};
/* End XCConfigurationList section */
	};
	rootObject = 8541A11882C2C52C4BBF99CC /* Project object */;
}
